// !$*UTF8*$!
{
	archiveVersion = 1;
	classes = {
	};
	objectVersion = 50;
	objects = {

/* Begin PBXBuildFile section */
		BF135C24274A392F00B0BE30 /* LoadingCell.xib in Resources */ = {isa = PBXBuildFile; fileRef = BF135C23274A392F00B0BE30 /* LoadingCell.xib */; };
		BF135C26274B325800B0BE30 /* StockDetailViewController.swift in Sources */ = {isa = PBXBuildFile; fileRef = BF135C25274B325800B0BE30 /* StockDetailViewController.swift */; };
		BF135C28274B59F400B0BE30 /* StockDetail.swift in Sources */ = {isa = PBXBuildFile; fileRef = BF135C27274B59F400B0BE30 /* StockDetail.swift */; };
		BF135C2A274C560500B0BE30 /* TradeViewController.swift in Sources */ = {isa = PBXBuildFile; fileRef = BF135C29274C560500B0BE30 /* TradeViewController.swift */; };
		BF135C2C274C66E200B0BE30 /* SearchNewsViewController.swift in Sources */ = {isa = PBXBuildFile; fileRef = BF135C2B274C66E200B0BE30 /* SearchNewsViewController.swift */; };
		BF135C2E274F5FB200B0BE30 /* SearchNewsResult.swift in Sources */ = {isa = PBXBuildFile; fileRef = BF135C2D274F5FB200B0BE30 /* SearchNewsResult.swift */; };
		BF135C30274F620100B0BE30 /* SearchNewsResultCell.xib in Resources */ = {isa = PBXBuildFile; fileRef = BF135C2F274F620100B0BE30 /* SearchNewsResultCell.xib */; };
		BF135C32274F657F00B0BE30 /* SearchNewsResultCell.swift in Sources */ = {isa = PBXBuildFile; fileRef = BF135C31274F657F00B0BE30 /* SearchNewsResultCell.swift */; };
		BF135C34274F6E7400B0BE30 /* UIImageView+DownloadImage.swift in Sources */ = {isa = PBXBuildFile; fileRef = BF135C33274F6E7400B0BE30 /* UIImageView+DownloadImage.swift */; };
		BF135C3B2750985500B0BE30 /* Balance+CoreDataClass.swift in Sources */ = {isa = PBXBuildFile; fileRef = BF135C392750985500B0BE30 /* Balance+CoreDataClass.swift */; };
		BF135C3C2750985500B0BE30 /* Balance+CoreDataProperties.swift in Sources */ = {isa = PBXBuildFile; fileRef = BF135C3A2750985500B0BE30 /* Balance+CoreDataProperties.swift */; };
		BF135C3E2751DE1300B0BE30 /* StockPortfolioViewController.swift in Sources */ = {isa = PBXBuildFile; fileRef = BF135C3D2751DE1300B0BE30 /* StockPortfolioViewController.swift */; };
		BF135C412751E8E800B0BE30 /* BalanceAmount+CoreDataClass.swift in Sources */ = {isa = PBXBuildFile; fileRef = BF135C3F2751E8E800B0BE30 /* BalanceAmount+CoreDataClass.swift */; };
		BF135C422751E8E800B0BE30 /* BalanceAmount+CoreDataProperties.swift in Sources */ = {isa = PBXBuildFile; fileRef = BF135C402751E8E800B0BE30 /* BalanceAmount+CoreDataProperties.swift */; };
		BF135C462752E79600B0BE30 /* PortfolioCell.swift in Sources */ = {isa = PBXBuildFile; fileRef = BF135C452752E79600B0BE30 /* PortfolioCell.swift */; };
		BF53C34D2748983D003E4C02 /* AppDelegate.swift in Sources */ = {isa = PBXBuildFile; fileRef = BF53C34C2748983D003E4C02 /* AppDelegate.swift */; };
		BF53C34F2748983D003E4C02 /* SceneDelegate.swift in Sources */ = {isa = PBXBuildFile; fileRef = BF53C34E2748983D003E4C02 /* SceneDelegate.swift */; };
		BF53C3512748983D003E4C02 /* SearchStockViewController.swift in Sources */ = {isa = PBXBuildFile; fileRef = BF53C3502748983D003E4C02 /* SearchStockViewController.swift */; };
		BF53C3542748983D003E4C02 /* Main.storyboard in Resources */ = {isa = PBXBuildFile; fileRef = BF53C3522748983D003E4C02 /* Main.storyboard */; };
		BF53C3572748983D003E4C02 /* PaperTrader2_0.xcdatamodeld in Sources */ = {isa = PBXBuildFile; fileRef = BF53C3552748983D003E4C02 /* PaperTrader2_0.xcdatamodeld */; };
		BF53C35927489840003E4C02 /* Assets.xcassets in Resources */ = {isa = PBXBuildFile; fileRef = BF53C35827489840003E4C02 /* Assets.xcassets */; };
		BF53C35C27489840003E4C02 /* LaunchScreen.storyboard in Resources */ = {isa = PBXBuildFile; fileRef = BF53C35A27489840003E4C02 /* LaunchScreen.storyboard */; };
		BF53C3642748BCCE003E4C02 /* SearchResult.swift in Sources */ = {isa = PBXBuildFile; fileRef = BF53C3632748BCCE003E4C02 /* SearchResult.swift */; };
		BF53C36A2748CD43003E4C02 /* NothingFoundCell.xib in Resources */ = {isa = PBXBuildFile; fileRef = BF53C3692748CD43003E4C02 /* NothingFoundCell.xib */; };
		BF53C36D2748D174003E4C02 /* SearchResultCell.swift in Sources */ = {isa = PBXBuildFile; fileRef = BF53C36B2748D174003E4C02 /* SearchResultCell.swift */; };
		BF53C36E2748D174003E4C02 /* SearchResultCell.xib in Resources */ = {isa = PBXBuildFile; fileRef = BF53C36C2748D174003E4C02 /* SearchResultCell.xib */; };
/* End PBXBuildFile section */

/* Begin PBXFileReference section */
		BF135C23274A392F00B0BE30 /* LoadingCell.xib */ = {isa = PBXFileReference; fileEncoding = 4; lastKnownFileType = file.xib; path = LoadingCell.xib; sourceTree = "<group>"; };
		BF135C25274B325800B0BE30 /* StockDetailViewController.swift */ = {isa = PBXFileReference; lastKnownFileType = sourcecode.swift; path = StockDetailViewController.swift; sourceTree = "<group>"; };
		BF135C27274B59F400B0BE30 /* StockDetail.swift */ = {isa = PBXFileReference; lastKnownFileType = sourcecode.swift; path = StockDetail.swift; sourceTree = "<group>"; };
		BF135C29274C560500B0BE30 /* TradeViewController.swift */ = {isa = PBXFileReference; lastKnownFileType = sourcecode.swift; path = TradeViewController.swift; sourceTree = "<group>"; };
		BF135C2B274C66E200B0BE30 /* SearchNewsViewController.swift */ = {isa = PBXFileReference; lastKnownFileType = sourcecode.swift; path = SearchNewsViewController.swift; sourceTree = "<group>"; };
		BF135C2D274F5FB200B0BE30 /* SearchNewsResult.swift */ = {isa = PBXFileReference; lastKnownFileType = sourcecode.swift; path = SearchNewsResult.swift; sourceTree = "<group>"; };
		BF135C2F274F620100B0BE30 /* SearchNewsResultCell.xib */ = {isa = PBXFileReference; lastKnownFileType = file.xib; path = SearchNewsResultCell.xib; sourceTree = "<group>"; };
		BF135C31274F657F00B0BE30 /* SearchNewsResultCell.swift */ = {isa = PBXFileReference; lastKnownFileType = sourcecode.swift; path = SearchNewsResultCell.swift; sourceTree = "<group>"; };
		BF135C33274F6E7400B0BE30 /* UIImageView+DownloadImage.swift */ = {isa = PBXFileReference; lastKnownFileType = sourcecode.swift; path = "UIImageView+DownloadImage.swift"; sourceTree = "<group>"; };
		BF135C392750985500B0BE30 /* Balance+CoreDataClass.swift */ = {isa = PBXFileReference; lastKnownFileType = sourcecode.swift; path = "Balance+CoreDataClass.swift"; sourceTree = "<group>"; };
		BF135C3A2750985500B0BE30 /* Balance+CoreDataProperties.swift */ = {isa = PBXFileReference; lastKnownFileType = sourcecode.swift; path = "Balance+CoreDataProperties.swift"; sourceTree = "<group>"; };
		BF135C3D2751DE1300B0BE30 /* StockPortfolioViewController.swift */ = {isa = PBXFileReference; lastKnownFileType = sourcecode.swift; path = StockPortfolioViewController.swift; sourceTree = "<group>"; };
		BF135C3F2751E8E800B0BE30 /* BalanceAmount+CoreDataClass.swift */ = {isa = PBXFileReference; lastKnownFileType = sourcecode.swift; path = "BalanceAmount+CoreDataClass.swift"; sourceTree = "<group>"; };
		BF135C402751E8E800B0BE30 /* BalanceAmount+CoreDataProperties.swift */ = {isa = PBXFileReference; lastKnownFileType = sourcecode.swift; path = "BalanceAmount+CoreDataProperties.swift"; sourceTree = "<group>"; };
		BF135C452752E79600B0BE30 /* PortfolioCell.swift */ = {isa = PBXFileReference; lastKnownFileType = sourcecode.swift; path = PortfolioCell.swift; sourceTree = "<group>"; };
		BF53C3492748983D003E4C02 /* PaperTrader2.0.app */ = {isa = PBXFileReference; explicitFileType = wrapper.application; includeInIndex = 0; path = PaperTrader2.0.app; sourceTree = BUILT_PRODUCTS_DIR; };
		BF53C34C2748983D003E4C02 /* AppDelegate.swift */ = {isa = PBXFileReference; lastKnownFileType = sourcecode.swift; path = AppDelegate.swift; sourceTree = "<group>"; };
		BF53C34E2748983D003E4C02 /* SceneDelegate.swift */ = {isa = PBXFileReference; lastKnownFileType = sourcecode.swift; path = SceneDelegate.swift; sourceTree = "<group>"; };
		BF53C3502748983D003E4C02 /* SearchStockViewController.swift */ = {isa = PBXFileReference; lastKnownFileType = sourcecode.swift; path = SearchStockViewController.swift; sourceTree = "<group>"; };
		BF53C3532748983D003E4C02 /* Base */ = {isa = PBXFileReference; lastKnownFileType = file.storyboard; name = Base; path = Base.lproj/Main.storyboard; sourceTree = "<group>"; };
		BF53C3562748983D003E4C02 /* PaperTrader2_0.xcdatamodel */ = {isa = PBXFileReference; lastKnownFileType = wrapper.xcdatamodel; path = PaperTrader2_0.xcdatamodel; sourceTree = "<group>"; };
		BF53C35827489840003E4C02 /* Assets.xcassets */ = {isa = PBXFileReference; lastKnownFileType = folder.assetcatalog; path = Assets.xcassets; sourceTree = "<group>"; };
		BF53C35B27489840003E4C02 /* Base */ = {isa = PBXFileReference; lastKnownFileType = file.storyboard; name = Base; path = Base.lproj/LaunchScreen.storyboard; sourceTree = "<group>"; };
		BF53C35D27489840003E4C02 /* Info.plist */ = {isa = PBXFileReference; lastKnownFileType = text.plist.xml; path = Info.plist; sourceTree = "<group>"; };
		BF53C3632748BCCE003E4C02 /* SearchResult.swift */ = {isa = PBXFileReference; lastKnownFileType = sourcecode.swift; path = SearchResult.swift; sourceTree = "<group>"; };
		BF53C3692748CD43003E4C02 /* NothingFoundCell.xib */ = {isa = PBXFileReference; fileEncoding = 4; lastKnownFileType = file.xib; path = NothingFoundCell.xib; sourceTree = "<group>"; };
		BF53C36B2748D174003E4C02 /* SearchResultCell.swift */ = {isa = PBXFileReference; fileEncoding = 4; lastKnownFileType = sourcecode.swift; path = SearchResultCell.swift; sourceTree = "<group>"; };
		BF53C36C2748D174003E4C02 /* SearchResultCell.xib */ = {isa = PBXFileReference; fileEncoding = 4; lastKnownFileType = file.xib; path = SearchResultCell.xib; sourceTree = "<group>"; };
/* End PBXFileReference section */

/* Begin PBXFrameworksBuildPhase section */
		BF53C3462748983D003E4C02 /* Frameworks */ = {
			isa = PBXFrameworksBuildPhase;
			buildActionMask = 2147483647;
			files = (
			);
			runOnlyForDeploymentPostprocessing = 0;
		};
/* End PBXFrameworksBuildPhase section */

/* Begin PBXGroup section */
		BF135C352750924900B0BE30 /* News */ = {
			isa = PBXGroup;
			children = (
				BF135C33274F6E7400B0BE30 /* UIImageView+DownloadImage.swift */,
				BF135C2B274C66E200B0BE30 /* SearchNewsViewController.swift */,
				BF135C2D274F5FB200B0BE30 /* SearchNewsResult.swift */,
				BF135C2F274F620100B0BE30 /* SearchNewsResultCell.xib */,
				BF135C31274F657F00B0BE30 /* SearchNewsResultCell.swift */,
			);
			path = News;
			sourceTree = "<group>";
		};
		BF135C37275092FA00B0BE30 /* SearchStock */ = {
			isa = PBXGroup;
			children = (
				BF53C3502748983D003E4C02 /* SearchStockViewController.swift */,
				BF53C36B2748D174003E4C02 /* SearchResultCell.swift */,
				BF53C36C2748D174003E4C02 /* SearchResultCell.xib */,
				BF53C3632748BCCE003E4C02 /* SearchResult.swift */,
			);
			path = SearchStock;
			sourceTree = "<group>";
		};
		BF135C382750932800B0BE30 /* StockDetail */ = {
			isa = PBXGroup;
			children = (
				BF135C25274B325800B0BE30 /* StockDetailViewController.swift */,
				BF135C27274B59F400B0BE30 /* StockDetail.swift */,
				BF135C29274C560500B0BE30 /* TradeViewController.swift */,
			);
			path = StockDetail;
			sourceTree = "<group>";
		};
		BF53C3402748983D003E4C02 = {
			isa = PBXGroup;
			children = (
				BF135C3F2751E8E800B0BE30 /* BalanceAmount+CoreDataClass.swift */,
				BF135C402751E8E800B0BE30 /* BalanceAmount+CoreDataProperties.swift */,
				BF135C392750985500B0BE30 /* Balance+CoreDataClass.swift */,
				BF135C3A2750985500B0BE30 /* Balance+CoreDataProperties.swift */,
				BF53C34B2748983D003E4C02 /* PaperTrader2.0 */,
				BF53C34A2748983D003E4C02 /* Products */,
			);
			sourceTree = "<group>";
		};
		BF53C34A2748983D003E4C02 /* Products */ = {
			isa = PBXGroup;
			children = (
				BF53C3492748983D003E4C02 /* PaperTrader2.0.app */,
			);
			name = Products;
			sourceTree = "<group>";
		};
		BF53C34B2748983D003E4C02 /* PaperTrader2.0 */ = {
			isa = PBXGroup;
			children = (
				BF135C382750932800B0BE30 /* StockDetail */,
				BF135C37275092FA00B0BE30 /* SearchStock */,
				BF135C352750924900B0BE30 /* News */,
				BF135C23274A392F00B0BE30 /* LoadingCell.xib */,
				BF53C3692748CD43003E4C02 /* NothingFoundCell.xib */,
				BF53C34C2748983D003E4C02 /* AppDelegate.swift */,
				BF53C34E2748983D003E4C02 /* SceneDelegate.swift */,
				BF53C3522748983D003E4C02 /* Main.storyboard */,
				BF53C35827489840003E4C02 /* Assets.xcassets */,
				BF53C35A27489840003E4C02 /* LaunchScreen.storyboard */,
				BF53C35D27489840003E4C02 /* Info.plist */,
				BF53C3552748983D003E4C02 /* PaperTrader2_0.xcdatamodeld */,
				BF135C3D2751DE1300B0BE30 /* StockPortfolioViewController.swift */,
				BF135C452752E79600B0BE30 /* PortfolioCell.swift */,
			);
			path = PaperTrader2.0;
			sourceTree = "<group>";
		};
/* End PBXGroup section */

/* Begin PBXNativeTarget section */
		BF53C3482748983D003E4C02 /* PaperTrader2.0 */ = {
			isa = PBXNativeTarget;
			buildConfigurationList = BF53C36027489840003E4C02 /* Build configuration list for PBXNativeTarget "PaperTrader2.0" */;
			buildPhases = (
				BF53C3452748983D003E4C02 /* Sources */,
				BF53C3462748983D003E4C02 /* Frameworks */,
				BF53C3472748983D003E4C02 /* Resources */,
			);
			buildRules = (
			);
			dependencies = (
			);
			name = PaperTrader2.0;
			productName = PaperTrader2.0;
			productReference = BF53C3492748983D003E4C02 /* PaperTrader2.0.app */;
			productType = "com.apple.product-type.application";
		};
/* End PBXNativeTarget section */

/* Begin PBXProject section */
		BF53C3412748983D003E4C02 /* Project object */ = {
			isa = PBXProject;
			attributes = {
				LastSwiftUpdateCheck = 1250;
				LastUpgradeCheck = 1250;
				TargetAttributes = {
					BF53C3482748983D003E4C02 = {
						CreatedOnToolsVersion = 12.5.1;
					};
				};
			};
			buildConfigurationList = BF53C3442748983D003E4C02 /* Build configuration list for PBXProject "PaperTrader2.0" */;
			compatibilityVersion = "Xcode 9.3";
			developmentRegion = en;
			hasScannedForEncodings = 0;
			knownRegions = (
				en,
				Base,
			);
			mainGroup = BF53C3402748983D003E4C02;
			productRefGroup = BF53C34A2748983D003E4C02 /* Products */;
			projectDirPath = "";
			projectRoot = "";
			targets = (
				BF53C3482748983D003E4C02 /* PaperTrader2.0 */,
			);
		};
/* End PBXProject section */

/* Begin PBXResourcesBuildPhase section */
		BF53C3472748983D003E4C02 /* Resources */ = {
			isa = PBXResourcesBuildPhase;
			buildActionMask = 2147483647;
			files = (
				BF53C35C27489840003E4C02 /* LaunchScreen.storyboard in Resources */,
				BF53C36E2748D174003E4C02 /* SearchResultCell.xib in Resources */,
				BF135C24274A392F00B0BE30 /* LoadingCell.xib in Resources */,
				BF53C35927489840003E4C02 /* Assets.xcassets in Resources */,
				BF135C30274F620100B0BE30 /* SearchNewsResultCell.xib in Resources */,
				BF53C36A2748CD43003E4C02 /* NothingFoundCell.xib in Resources */,
				BF53C3542748983D003E4C02 /* Main.storyboard in Resources */,
			);
			runOnlyForDeploymentPostprocessing = 0;
		};
/* End PBXResourcesBuildPhase section */

/* Begin PBXSourcesBuildPhase section */
		BF53C3452748983D003E4C02 /* Sources */ = {
			isa = PBXSourcesBuildPhase;
			buildActionMask = 2147483647;
			files = (
				BF135C412751E8E800B0BE30 /* BalanceAmount+CoreDataClass.swift in Sources */,
				BF135C2A274C560500B0BE30 /* TradeViewController.swift in Sources */,
				BF53C3512748983D003E4C02 /* SearchStockViewController.swift in Sources */,
				BF53C34D2748983D003E4C02 /* AppDelegate.swift in Sources */,
				BF135C32274F657F00B0BE30 /* SearchNewsResultCell.swift in Sources */,
				BF135C34274F6E7400B0BE30 /* UIImageView+DownloadImage.swift in Sources */,
				BF135C2C274C66E200B0BE30 /* SearchNewsViewController.swift in Sources */,
				BF135C26274B325800B0BE30 /* StockDetailViewController.swift in Sources */,
				BF135C422751E8E800B0BE30 /* BalanceAmount+CoreDataProperties.swift in Sources */,
				BF135C28274B59F400B0BE30 /* StockDetail.swift in Sources */,
				BF135C3E2751DE1300B0BE30 /* StockPortfolioViewController.swift in Sources */,
				BF53C3642748BCCE003E4C02 /* SearchResult.swift in Sources */,
				BF53C3572748983D003E4C02 /* PaperTrader2_0.xcdatamodeld in Sources */,
				BF135C462752E79600B0BE30 /* PortfolioCell.swift in Sources */,
				BF53C36D2748D174003E4C02 /* SearchResultCell.swift in Sources */,
				BF135C3C2750985500B0BE30 /* Balance+CoreDataProperties.swift in Sources */,
				BF135C2E274F5FB200B0BE30 /* SearchNewsResult.swift in Sources */,
				BF135C3B2750985500B0BE30 /* Balance+CoreDataClass.swift in Sources */,
				BF53C34F2748983D003E4C02 /* SceneDelegate.swift in Sources */,
			);
			runOnlyForDeploymentPostprocessing = 0;
		};
/* End PBXSourcesBuildPhase section */

/* Begin PBXVariantGroup section */
		BF53C3522748983D003E4C02 /* Main.storyboard */ = {
			isa = PBXVariantGroup;
			children = (
				BF53C3532748983D003E4C02 /* Base */,
			);
			name = Main.storyboard;
			sourceTree = "<group>";
		};
		BF53C35A27489840003E4C02 /* LaunchScreen.storyboard */ = {
			isa = PBXVariantGroup;
			children = (
				BF53C35B27489840003E4C02 /* Base */,
			);
			name = LaunchScreen.storyboard;
			sourceTree = "<group>";
		};
/* End PBXVariantGroup section */

/* Begin XCBuildConfiguration section */
		BF53C35E27489840003E4C02 /* Debug */ = {
			isa = XCBuildConfiguration;
			buildSettings = {
				ALWAYS_SEARCH_USER_PATHS = NO;
				CLANG_ANALYZER_NONNULL = YES;
				CLANG_ANALYZER_NUMBER_OBJECT_CONVERSION = YES_AGGRESSIVE;
				CLANG_CXX_LANGUAGE_STANDARD = "gnu++14";
				CLANG_CXX_LIBRARY = "libc++";
				CLANG_ENABLE_MODULES = YES;
				CLANG_ENABLE_OBJC_ARC = YES;
				CLANG_ENABLE_OBJC_WEAK = YES;
				CLANG_WARN_BLOCK_CAPTURE_AUTORELEASING = YES;
				CLANG_WARN_BOOL_CONVERSION = YES;
				CLANG_WARN_COMMA = YES;
				CLANG_WARN_CONSTANT_CONVERSION = YES;
				CLANG_WARN_DEPRECATED_OBJC_IMPLEMENTATIONS = YES;
				CLANG_WARN_DIRECT_OBJC_ISA_USAGE = YES_ERROR;
				CLANG_WARN_DOCUMENTATION_COMMENTS = YES;
				CLANG_WARN_EMPTY_BODY = YES;
				CLANG_WARN_ENUM_CONVERSION = YES;
				CLANG_WARN_INFINITE_RECURSION = YES;
				CLANG_WARN_INT_CONVERSION = YES;
				CLANG_WARN_NON_LITERAL_NULL_CONVERSION = YES;
				CLANG_WARN_OBJC_IMPLICIT_RETAIN_SELF = YES;
				CLANG_WARN_OBJC_LITERAL_CONVERSION = YES;
				CLANG_WARN_OBJC_ROOT_CLASS = YES_ERROR;
				CLANG_WARN_QUOTED_INCLUDE_IN_FRAMEWORK_HEADER = YES;
				CLANG_WARN_RANGE_LOOP_ANALYSIS = YES;
				CLANG_WARN_STRICT_PROTOTYPES = YES;
				CLANG_WARN_SUSPICIOUS_MOVE = YES;
				CLANG_WARN_UNGUARDED_AVAILABILITY = YES_AGGRESSIVE;
				CLANG_WARN_UNREACHABLE_CODE = YES;
				CLANG_WARN__DUPLICATE_METHOD_MATCH = YES;
				COPY_PHASE_STRIP = NO;
				DEBUG_INFORMATION_FORMAT = dwarf;
				ENABLE_STRICT_OBJC_MSGSEND = YES;
				ENABLE_TESTABILITY = YES;
				GCC_C_LANGUAGE_STANDARD = gnu11;
				GCC_DYNAMIC_NO_PIC = NO;
				GCC_NO_COMMON_BLOCKS = YES;
				GCC_OPTIMIZATION_LEVEL = 0;
				GCC_PREPROCESSOR_DEFINITIONS = (
					"DEBUG=1",
					"$(inherited)",
				);
				GCC_WARN_64_TO_32_BIT_CONVERSION = YES;
				GCC_WARN_ABOUT_RETURN_TYPE = YES_ERROR;
				GCC_WARN_UNDECLARED_SELECTOR = YES;
				GCC_WARN_UNINITIALIZED_AUTOS = YES_AGGRESSIVE;
				GCC_WARN_UNUSED_FUNCTION = YES;
				GCC_WARN_UNUSED_VARIABLE = YES;
				IPHONEOS_DEPLOYMENT_TARGET = 14.5;
				MTL_ENABLE_DEBUG_INFO = INCLUDE_SOURCE;
				MTL_FAST_MATH = YES;
				ONLY_ACTIVE_ARCH = YES;
				SDKROOT = iphoneos;
				SWIFT_ACTIVE_COMPILATION_CONDITIONS = DEBUG;
				SWIFT_OPTIMIZATION_LEVEL = "-Onone";
			};
			name = Debug;
		};
		BF53C35F27489840003E4C02 /* Release */ = {
			isa = XCBuildConfiguration;
			buildSettings = {
				ALWAYS_SEARCH_USER_PATHS = NO;
				CLANG_ANALYZER_NONNULL = YES;
				CLANG_ANALYZER_NUMBER_OBJECT_CONVERSION = YES_AGGRESSIVE;
				CLANG_CXX_LANGUAGE_STANDARD = "gnu++14";
				CLANG_CXX_LIBRARY = "libc++";
				CLANG_ENABLE_MODULES = YES;
				CLANG_ENABLE_OBJC_ARC = YES;
				CLANG_ENABLE_OBJC_WEAK = YES;
				CLANG_WARN_BLOCK_CAPTURE_AUTORELEASING = YES;
				CLANG_WARN_BOOL_CONVERSION = YES;
				CLANG_WARN_COMMA = YES;
				CLANG_WARN_CONSTANT_CONVERSION = YES;
				CLANG_WARN_DEPRECATED_OBJC_IMPLEMENTATIONS = YES;
				CLANG_WARN_DIRECT_OBJC_ISA_USAGE = YES_ERROR;
				CLANG_WARN_DOCUMENTATION_COMMENTS = YES;
				CLANG_WARN_EMPTY_BODY = YES;
				CLANG_WARN_ENUM_CONVERSION = YES;
				CLANG_WARN_INFINITE_RECURSION = YES;
				CLANG_WARN_INT_CONVERSION = YES;
				CLANG_WARN_NON_LITERAL_NULL_CONVERSION = YES;
				CLANG_WARN_OBJC_IMPLICIT_RETAIN_SELF = YES;
				CLANG_WARN_OBJC_LITERAL_CONVERSION = YES;
				CLANG_WARN_OBJC_ROOT_CLASS = YES_ERROR;
				CLANG_WARN_QUOTED_INCLUDE_IN_FRAMEWORK_HEADER = YES;
				CLANG_WARN_RANGE_LOOP_ANALYSIS = YES;
				CLANG_WARN_STRICT_PROTOTYPES = YES;
				CLANG_WARN_SUSPICIOUS_MOVE = YES;
				CLANG_WARN_UNGUARDED_AVAILABILITY = YES_AGGRESSIVE;
				CLANG_WARN_UNREACHABLE_CODE = YES;
				CLANG_WARN__DUPLICATE_METHOD_MATCH = YES;
				COPY_PHASE_STRIP = NO;
				DEBUG_INFORMATION_FORMAT = "dwarf-with-dsym";
				ENABLE_NS_ASSERTIONS = NO;
				ENABLE_STRICT_OBJC_MSGSEND = YES;
				GCC_C_LANGUAGE_STANDARD = gnu11;
				GCC_NO_COMMON_BLOCKS = YES;
				GCC_WARN_64_TO_32_BIT_CONVERSION = YES;
				GCC_WARN_ABOUT_RETURN_TYPE = YES_ERROR;
				GCC_WARN_UNDECLARED_SELECTOR = YES;
				GCC_WARN_UNINITIALIZED_AUTOS = YES_AGGRESSIVE;
				GCC_WARN_UNUSED_FUNCTION = YES;
				GCC_WARN_UNUSED_VARIABLE = YES;
				IPHONEOS_DEPLOYMENT_TARGET = 14.5;
				MTL_ENABLE_DEBUG_INFO = NO;
				MTL_FAST_MATH = YES;
				SDKROOT = iphoneos;
				SWIFT_COMPILATION_MODE = wholemodule;
				SWIFT_OPTIMIZATION_LEVEL = "-O";
				VALIDATE_PRODUCT = YES;
			};
			name = Release;
		};
		BF53C36127489840003E4C02 /* Debug */ = {
			isa = XCBuildConfiguration;
			buildSettings = {
				ASSETCATALOG_COMPILER_APPICON_NAME = AppIcon;
				ASSETCATALOG_COMPILER_GLOBAL_ACCENT_COLOR_NAME = AccentColor;
				CODE_SIGN_STYLE = Automatic;
				INFOPLIST_FILE = PaperTrader2.0/Info.plist;
				LD_RUNPATH_SEARCH_PATHS = (
					"$(inherited)",
					"@executable_path/Frameworks",
				);
				PRODUCT_BUNDLE_IDENTIFIER = "Jimmy.PaperTrader2-0";
				PRODUCT_NAME = "$(TARGET_NAME)";
				SWIFT_VERSION = 5.0;
				TARGETED_DEVICE_FAMILY = "1,2";
			};
			name = Debug;
		};
		BF53C36227489840003E4C02 /* Release */ = {
			isa = XCBuildConfiguration;
			buildSettings = {
				ASSETCATALOG_COMPILER_APPICON_NAME = AppIcon;
				ASSETCATALOG_COMPILER_GLOBAL_ACCENT_COLOR_NAME = AccentColor;
				CODE_SIGN_STYLE = Automatic;
				INFOPLIST_FILE = PaperTrader2.0/Info.plist;
				LD_RUNPATH_SEARCH_PATHS = (
					"$(inherited)",
					"@executable_path/Frameworks",
				);
				PRODUCT_BUNDLE_IDENTIFIER = "Jimmy.PaperTrader2-0";
				PRODUCT_NAME = "$(TARGET_NAME)";
				SWIFT_VERSION = 5.0;
				TARGETED_DEVICE_FAMILY = "1,2";
			};
			name = Release;
		};
/* End XCBuildConfiguration section */

/* Begin XCConfigurationList section */
		BF53C3442748983D003E4C02 /* Build configuration list for PBXProject "PaperTrader2.0" */ = {
			isa = XCConfigurationList;
			buildConfigurations = (
				BF53C35E27489840003E4C02 /* Debug */,
				BF53C35F27489840003E4C02 /* Release */,
			);
			defaultConfigurationIsVisible = 0;
			defaultConfigurationName = Release;
		};
		BF53C36027489840003E4C02 /* Build configuration list for PBXNativeTarget "PaperTrader2.0" */ = {
			isa = XCConfigurationList;
			buildConfigurations = (
				BF53C36127489840003E4C02 /* Debug */,
				BF53C36227489840003E4C02 /* Release */,
			);
			defaultConfigurationIsVisible = 0;
			defaultConfigurationName = Release;
		};
/* End XCConfigurationList section */

/* Begin XCVersionGroup section */
		BF53C3552748983D003E4C02 /* PaperTrader2_0.xcdatamodeld */ = {
			isa = XCVersionGroup;
			children = (
				BF53C3562748983D003E4C02 /* PaperTrader2_0.xcdatamodel */,
			);
			currentVersion = BF53C3562748983D003E4C02 /* PaperTrader2_0.xcdatamodel */;
			path = PaperTrader2_0.xcdatamodeld;
			sourceTree = "<group>";
			versionGroupType = wrapper.xcdatamodel;
		};
/* End XCVersionGroup section */
	};
	rootObject = BF53C3412748983D003E4C02 /* Project object */;
}
