// !$*UTF8*$!
{
	archiveVersion = 1;
	classes = {
	};
	objectVersion = 51;
	objects = {

/* Begin PBXBuildFile section */
		497EBF5B2EFC4AF234E30DC3 /* Pods_PaperTrader2_0.framework in Frameworks */ = {isa = PBXBuildFile; fileRef = CFBE62171CE7B8033D57F8A4 /* Pods_PaperTrader2_0.framework */; };
		BF135C24274A392F00B0BE30 /* LoadingCell.xib in Resources */ = {isa = PBXBuildFile; fileRef = BF135C23274A392F00B0BE30 /* LoadingCell.xib */; };
		BF135C26274B325800B0BE30 /* StockDetailViewController.swift in Sources */ = {isa = PBXBuildFile; fileRef = BF135C25274B325800B0BE30 /* StockDetailViewController.swift */; };
		BF135C28274B59F400B0BE30 /* StockDetail.swift in Sources */ = {isa = PBXBuildFile; fileRef = BF135C27274B59F400B0BE30 /* StockDetail.swift */; };
		BF135C2A274C560500B0BE30 /* TradeViewController.swift in Sources */ = {isa = PBXBuildFile; fileRef = BF135C29274C560500B0BE30 /* TradeViewController.swift */; };
		BF135C2C274C66E200B0BE30 /* SearchNewsViewController.swift in Sources */ = {isa = PBXBuildFile; fileRef = BF135C2B274C66E200B0BE30 /* SearchNewsViewController.swift */; };
		BF135C2E274F5FB200B0BE30 /* SearchNewsResult.swift in Sources */ = {isa = PBXBuildFile; fileRef = BF135C2D274F5FB200B0BE30 /* SearchNewsResult.swift */; };
		BF135C30274F620100B0BE30 /* SearchNewsResultCell.xib in Resources */ = {isa = PBXBuildFile; fileRef = BF135C2F274F620100B0BE30 /* SearchNewsResultCell.xib */; };
		BF135C32274F657F00B0BE30 /* SearchNewsResultCell.swift in Sources */ = {isa = PBXBuildFile; fileRef = BF135C31274F657F00B0BE30 /* SearchNewsResultCell.swift */; };
		BF135C34274F6E7400B0BE30 /* UIImageView+DownloadImage.swift in Sources */ = {isa = PBXBuildFile; fileRef = BF135C33274F6E7400B0BE30 /* UIImageView+DownloadImage.swift */; };
		BF135C3B2750985500B0BE30 /* Balance+CoreDataClass.swift in Sources */ = {isa = PBXBuildFile; fileRef = BF135C392750985500B0BE30 /* Balance+CoreDataClass.swift */; };
		BF135C3C2750985500B0BE30 /* Balance+CoreDataProperties.swift in Sources */ = {isa = PBXBuildFile; fileRef = BF135C3A2750985500B0BE30 /* Balance+CoreDataProperties.swift */; };
		BF135C3E2751DE1300B0BE30 /* StockPortfolioViewController.swift in Sources */ = {isa = PBXBuildFile; fileRef = BF135C3D2751DE1300B0BE30 /* StockPortfolioViewController.swift */; };
		BF135C462752E79600B0BE30 /* PortfolioCell.swift in Sources */ = {isa = PBXBuildFile; fileRef = BF135C452752E79600B0BE30 /* PortfolioCell.swift */; };
		BF135C512753512C00B0BE30 /* FirstTimeViewController.swift in Sources */ = {isa = PBXBuildFile; fileRef = BF135C502753512C00B0BE30 /* FirstTimeViewController.swift */; };
		BF135C5327535C0A00B0BE30 /* userDefaults.swift in Sources */ = {isa = PBXBuildFile; fileRef = BF135C5227535C0A00B0BE30 /* userDefaults.swift */; };
		BF135C55275ECCCE00B0BE30 /* StockPortfolio.swift in Sources */ = {isa = PBXBuildFile; fileRef = BF135C54275ECCCD00B0BE30 /* StockPortfolio.swift */; };
		BF2668E7279E689800495F57 /* DailyBalance+CoreDataClass.swift in Sources */ = {isa = PBXBuildFile; fileRef = BF2668E5279E689800495F57 /* DailyBalance+CoreDataClass.swift */; };
		BF2668E8279E689800495F57 /* DailyBalance+CoreDataProperties.swift in Sources */ = {isa = PBXBuildFile; fileRef = BF2668E6279E689800495F57 /* DailyBalance+CoreDataProperties.swift */; };
		BF2668EC27AC709500495F57 /* HistoricalPrice.swift in Sources */ = {isa = PBXBuildFile; fileRef = BF2668EB27AC709500495F57 /* HistoricalPrice.swift */; };
		BF2668EE27AE494700495F57 /* SummaryViewController.swift in Sources */ = {isa = PBXBuildFile; fileRef = BF2668ED27AE494700495F57 /* SummaryViewController.swift */; };
		BF2668F927B4BF6400495F57 /* StockRecords+CoreDataProperties.swift in Sources */ = {isa = PBXBuildFile; fileRef = BF2668F827B4BF6400495F57 /* StockRecords+CoreDataProperties.swift */; };
		BF2668FA27B4BF6400495F57 /* StockRecords+CoreDataClass.swift in Sources */ = {isa = PBXBuildFile; fileRef = BF2668F727B4BF6400495F57 /* StockRecords+CoreDataClass.swift */; };
		BF53C34D2748983D003E4C02 /* AppDelegate.swift in Sources */ = {isa = PBXBuildFile; fileRef = BF53C34C2748983D003E4C02 /* AppDelegate.swift */; };
		BF53C34F2748983D003E4C02 /* SceneDelegate.swift in Sources */ = {isa = PBXBuildFile; fileRef = BF53C34E2748983D003E4C02 /* SceneDelegate.swift */; };
		BF53C3512748983D003E4C02 /* SearchStockViewController.swift in Sources */ = {isa = PBXBuildFile; fileRef = BF53C3502748983D003E4C02 /* SearchStockViewController.swift */; };
		BF53C3542748983D003E4C02 /* Main.storyboard in Resources */ = {isa = PBXBuildFile; fileRef = BF53C3522748983D003E4C02 /* Main.storyboard */; };
		BF53C3572748983D003E4C02 /* PaperTrader2_0.xcdatamodeld in Sources */ = {isa = PBXBuildFile; fileRef = BF53C3552748983D003E4C02 /* PaperTrader2_0.xcdatamodeld */; };
		BF53C35927489840003E4C02 /* Assets.xcassets in Resources */ = {isa = PBXBuildFile; fileRef = BF53C35827489840003E4C02 /* Assets.xcassets */; };
		BF53C35C27489840003E4C02 /* LaunchScreen.storyboard in Resources */ = {isa = PBXBuildFile; fileRef = BF53C35A27489840003E4C02 /* LaunchScreen.storyboard */; };
		BF53C3642748BCCE003E4C02 /* SearchResult.swift in Sources */ = {isa = PBXBuildFile; fileRef = BF53C3632748BCCE003E4C02 /* SearchResult.swift */; };
		BF53C36A2748CD43003E4C02 /* NothingFoundCell.xib in Resources */ = {isa = PBXBuildFile; fileRef = BF53C3692748CD43003E4C02 /* NothingFoundCell.xib */; };
		BF53C36D2748D174003E4C02 /* SearchResultCell.swift in Sources */ = {isa = PBXBuildFile; fileRef = BF53C36B2748D174003E4C02 /* SearchResultCell.swift */; };
		BF53C36E2748D174003E4C02 /* SearchResultCell.xib in Resources */ = {isa = PBXBuildFile; fileRef = BF53C36C2748D174003E4C02 /* SearchResultCell.xib */; };
		BFC6695A27B711930059AC07 /* StockRecordsCell.swift in Sources */ = {isa = PBXBuildFile; fileRef = BFC6695927B711930059AC07 /* StockRecordsCell.swift */; };
		BFC811712761EED50028A499 /* ChangeBalanceViewController.swift in Sources */ = {isa = PBXBuildFile; fileRef = BFC811702761EED40028A499 /* ChangeBalanceViewController.swift */; };
		BFC81174276428990028A499 /* SettingsViewController.swift in Sources */ = {isa = PBXBuildFile; fileRef = BFC81173276428990028A499 /* SettingsViewController.swift */; };
		BFC8117A279E2D410028A499 /* DailyBalanceViewController.swift in Sources */ = {isa = PBXBuildFile; fileRef = BFC81179279E2D410028A499 /* DailyBalanceViewController.swift */; };
		BFC8117C279E2F9A0028A499 /* DailyBalanceCell.swift in Sources */ = {isa = PBXBuildFile; fileRef = BFC8117B279E2F9A0028A499 /* DailyBalanceCell.swift */; };
/* End PBXBuildFile section */

/* Begin PBXFileReference section */
		8DAFB4912D3AFAF55364618B /* Pods-PaperTrader2.0.debug.xcconfig */ = {isa = PBXFileReference; includeInIndex = 1; lastKnownFileType = text.xcconfig; name = "Pods-PaperTrader2.0.debug.xcconfig"; path = "Target Support Files/Pods-PaperTrader2.0/Pods-PaperTrader2.0.debug.xcconfig"; sourceTree = "<group>"; };
		99B48BEC3BCF9769C0E26C05 /* Pods-PaperTrader2.0.release.xcconfig */ = {isa = PBXFileReference; includeInIndex = 1; lastKnownFileType = text.xcconfig; name = "Pods-PaperTrader2.0.release.xcconfig"; path = "Target Support Files/Pods-PaperTrader2.0/Pods-PaperTrader2.0.release.xcconfig"; sourceTree = "<group>"; };
		BF135C23274A392F00B0BE30 /* LoadingCell.xib */ = {isa = PBXFileReference; fileEncoding = 4; lastKnownFileType = file.xib; path = LoadingCell.xib; sourceTree = "<group>"; };
		BF135C25274B325800B0BE30 /* StockDetailViewController.swift */ = {isa = PBXFileReference; lastKnownFileType = sourcecode.swift; path = StockDetailViewController.swift; sourceTree = "<group>"; };
		BF135C27274B59F400B0BE30 /* StockDetail.swift */ = {isa = PBXFileReference; lastKnownFileType = sourcecode.swift; path = StockDetail.swift; sourceTree = "<group>"; };
		BF135C29274C560500B0BE30 /* TradeViewController.swift */ = {isa = PBXFileReference; lastKnownFileType = sourcecode.swift; path = TradeViewController.swift; sourceTree = "<group>"; };
		BF135C2B274C66E200B0BE30 /* SearchNewsViewController.swift */ = {isa = PBXFileReference; lastKnownFileType = sourcecode.swift; path = SearchNewsViewController.swift; sourceTree = "<group>"; };
		BF135C2D274F5FB200B0BE30 /* SearchNewsResult.swift */ = {isa = PBXFileReference; lastKnownFileType = sourcecode.swift; path = SearchNewsResult.swift; sourceTree = "<group>"; };
		BF135C2F274F620100B0BE30 /* SearchNewsResultCell.xib */ = {isa = PBXFileReference; lastKnownFileType = file.xib; path = SearchNewsResultCell.xib; sourceTree = "<group>"; };
		BF135C31274F657F00B0BE30 /* SearchNewsResultCell.swift */ = {isa = PBXFileReference; lastKnownFileType = sourcecode.swift; path = SearchNewsResultCell.swift; sourceTree = "<group>"; };
		BF135C33274F6E7400B0BE30 /* UIImageView+DownloadImage.swift */ = {isa = PBXFileReference; lastKnownFileType = sourcecode.swift; path = "UIImageView+DownloadImage.swift"; sourceTree = "<group>"; };
		BF135C392750985500B0BE30 /* Balance+CoreDataClass.swift */ = {isa = PBXFileReference; lastKnownFileType = sourcecode.swift; path = "Balance+CoreDataClass.swift"; sourceTree = "<group>"; };
		BF135C3A2750985500B0BE30 /* Balance+CoreDataProperties.swift */ = {isa = PBXFileReference; lastKnownFileType = sourcecode.swift; path = "Balance+CoreDataProperties.swift"; sourceTree = "<group>"; };
		BF135C3D2751DE1300B0BE30 /* StockPortfolioViewController.swift */ = {isa = PBXFileReference; lastKnownFileType = sourcecode.swift; path = StockPortfolioViewController.swift; sourceTree = "<group>"; };
		BF135C452752E79600B0BE30 /* PortfolioCell.swift */ = {isa = PBXFileReference; lastKnownFileType = sourcecode.swift; path = PortfolioCell.swift; sourceTree = "<group>"; };
		BF135C502753512C00B0BE30 /* FirstTimeViewController.swift */ = {isa = PBXFileReference; lastKnownFileType = sourcecode.swift; path = FirstTimeViewController.swift; sourceTree = "<group>"; };
		BF135C5227535C0A00B0BE30 /* userDefaults.swift */ = {isa = PBXFileReference; lastKnownFileType = sourcecode.swift; path = userDefaults.swift; sourceTree = "<group>"; };
		BF135C54275ECCCD00B0BE30 /* StockPortfolio.swift */ = {isa = PBXFileReference; lastKnownFileType = sourcecode.swift; path = StockPortfolio.swift; sourceTree = "<group>"; };
		BF2668E5279E689800495F57 /* DailyBalance+CoreDataClass.swift */ = {isa = PBXFileReference; lastKnownFileType = sourcecode.swift; path = "DailyBalance+CoreDataClass.swift"; sourceTree = "<group>"; };
		BF2668E6279E689800495F57 /* DailyBalance+CoreDataProperties.swift */ = {isa = PBXFileReference; lastKnownFileType = sourcecode.swift; path = "DailyBalance+CoreDataProperties.swift"; sourceTree = "<group>"; };
		BF2668EB27AC709500495F57 /* HistoricalPrice.swift */ = {isa = PBXFileReference; lastKnownFileType = sourcecode.swift; path = HistoricalPrice.swift; sourceTree = "<group>"; };
		BF2668ED27AE494700495F57 /* SummaryViewController.swift */ = {isa = PBXFileReference; lastKnownFileType = sourcecode.swift; path = SummaryViewController.swift; sourceTree = "<group>"; };
		BF2668F727B4BF6400495F57 /* StockRecords+CoreDataClass.swift */ = {isa = PBXFileReference; lastKnownFileType = sourcecode.swift; name = "StockRecords+CoreDataClass.swift"; path = "/Users/jimmy/Documents/PaperTrader2.0/PaperTrader2.0/CoreData/StockRecords+CoreDataClass.swift"; sourceTree = "<absolute>"; };
		BF2668F827B4BF6400495F57 /* StockRecords+CoreDataProperties.swift */ = {isa = PBXFileReference; lastKnownFileType = sourcecode.swift; name = "StockRecords+CoreDataProperties.swift"; path = "/Users/jimmy/Documents/PaperTrader2.0/PaperTrader2.0/CoreData/StockRecords+CoreDataProperties.swift"; sourceTree = "<absolute>"; };
		BF53C3492748983D003E4C02 /* PaperTrader2.0.app */ = {isa = PBXFileReference; explicitFileType = wrapper.application; includeInIndex = 0; path = PaperTrader2.0.app; sourceTree = BUILT_PRODUCTS_DIR; };
		BF53C34C2748983D003E4C02 /* AppDelegate.swift */ = {isa = PBXFileReference; lastKnownFileType = sourcecode.swift; path = AppDelegate.swift; sourceTree = "<group>"; };
		BF53C34E2748983D003E4C02 /* SceneDelegate.swift */ = {isa = PBXFileReference; lastKnownFileType = sourcecode.swift; path = SceneDelegate.swift; sourceTree = "<group>"; };
		BF53C3502748983D003E4C02 /* SearchStockViewController.swift */ = {isa = PBXFileReference; lastKnownFileType = sourcecode.swift; path = SearchStockViewController.swift; sourceTree = "<group>"; };
		BF53C3532748983D003E4C02 /* Base */ = {isa = PBXFileReference; lastKnownFileType = file.storyboard; name = Base; path = Base.lproj/Main.storyboard; sourceTree = "<group>"; };
		BF53C3562748983D003E4C02 /* PaperTrader2_0.xcdatamodel */ = {isa = PBXFileReference; lastKnownFileType = wrapper.xcdatamodel; path = PaperTrader2_0.xcdatamodel; sourceTree = "<group>"; };
		BF53C35827489840003E4C02 /* Assets.xcassets */ = {isa = PBXFileReference; lastKnownFileType = folder.assetcatalog; path = Assets.xcassets; sourceTree = "<group>"; };
		BF53C35B27489840003E4C02 /* Base */ = {isa = PBXFileReference; lastKnownFileType = file.storyboard; name = Base; path = Base.lproj/LaunchScreen.storyboard; sourceTree = "<group>"; };
		BF53C35D27489840003E4C02 /* Info.plist */ = {isa = PBXFileReference; lastKnownFileType = text.plist.xml; path = Info.plist; sourceTree = "<group>"; };
		BF53C3632748BCCE003E4C02 /* SearchResult.swift */ = {isa = PBXFileReference; lastKnownFileType = sourcecode.swift; path = SearchResult.swift; sourceTree = "<group>"; };
		BF53C3692748CD43003E4C02 /* NothingFoundCell.xib */ = {isa = PBXFileReference; fileEncoding = 4; lastKnownFileType = file.xib; path = NothingFoundCell.xib; sourceTree = "<group>"; };
		BF53C36B2748D174003E4C02 /* SearchResultCell.swift */ = {isa = PBXFileReference; fileEncoding = 4; lastKnownFileType = sourcecode.swift; path = SearchResultCell.swift; sourceTree = "<group>"; };
		BF53C36C2748D174003E4C02 /* SearchResultCell.xib */ = {isa = PBXFileReference; fileEncoding = 4; lastKnownFileType = file.xib; path = SearchResultCell.xib; sourceTree = "<group>"; };
		BFC6695927B711930059AC07 /* StockRecordsCell.swift */ = {isa = PBXFileReference; lastKnownFileType = sourcecode.swift; path = StockRecordsCell.swift; sourceTree = "<group>"; };
		BFC811702761EED40028A499 /* ChangeBalanceViewController.swift */ = {isa = PBXFileReference; lastKnownFileType = sourcecode.swift; path = ChangeBalanceViewController.swift; sourceTree = "<group>"; };
		BFC81173276428990028A499 /* SettingsViewController.swift */ = {isa = PBXFileReference; lastKnownFileType = sourcecode.swift; path = SettingsViewController.swift; sourceTree = "<group>"; };
		BFC81179279E2D410028A499 /* DailyBalanceViewController.swift */ = {isa = PBXFileReference; lastKnownFileType = sourcecode.swift; path = DailyBalanceViewController.swift; sourceTree = "<group>"; };
		BFC8117B279E2F9A0028A499 /* DailyBalanceCell.swift */ = {isa = PBXFileReference; lastKnownFileType = sourcecode.swift; path = DailyBalanceCell.swift; sourceTree = "<group>"; };
		CFBE62171CE7B8033D57F8A4 /* Pods_PaperTrader2_0.framework */ = {isa = PBXFileReference; explicitFileType = wrapper.framework; includeInIndex = 0; path = Pods_PaperTrader2_0.framework; sourceTree = BUILT_PRODUCTS_DIR; };
/* End PBXFileReference section */

/* Begin PBXFrameworksBuildPhase section */
		BF53C3462748983D003E4C02 /* Frameworks */ = {
			isa = PBXFrameworksBuildPhase;
			buildActionMask = 2147483647;
			files = (
				497EBF5B2EFC4AF234E30DC3 /* Pods_PaperTrader2_0.framework in Frameworks */,
			);
			runOnlyForDeploymentPostprocessing = 0;
		};
/* End PBXFrameworksBuildPhase section */

/* Begin PBXGroup section */
		3FA7920FDC0068D4C73F0BC2 /* Pods */ = {
			isa = PBXGroup;
			children = (
				8DAFB4912D3AFAF55364618B /* Pods-PaperTrader2.0.debug.xcconfig */,
				99B48BEC3BCF9769C0E26C05 /* Pods-PaperTrader2.0.release.xcconfig */,
			);
			path = Pods;
			sourceTree = "<group>";
		};
		6CF28A2A69841D03F2AB1408 /* Frameworks */ = {
			isa = PBXGroup;
			children = (
				CFBE62171CE7B8033D57F8A4 /* Pods_PaperTrader2_0.framework */,
			);
			name = Frameworks;
			sourceTree = "<group>";
		};
		BF135C352750924900B0BE30 /* News */ = {
			isa = PBXGroup;
			children = (
				BF135C33274F6E7400B0BE30 /* UIImageView+DownloadImage.swift */,
				BF135C2B274C66E200B0BE30 /* SearchNewsViewController.swift */,
				BF135C2D274F5FB200B0BE30 /* SearchNewsResult.swift */,
				BF135C2F274F620100B0BE30 /* SearchNewsResultCell.xib */,
				BF135C31274F657F00B0BE30 /* SearchNewsResultCell.swift */,
			);
			path = News;
			sourceTree = "<group>";
		};
		BF135C37275092FA00B0BE30 /* SearchStock */ = {
			isa = PBXGroup;
			children = (
				BF53C3502748983D003E4C02 /* SearchStockViewController.swift */,
				BF53C36B2748D174003E4C02 /* SearchResultCell.swift */,
				BF53C36C2748D174003E4C02 /* SearchResultCell.xib */,
				BF53C3632748BCCE003E4C02 /* SearchResult.swift */,
			);
			path = SearchStock;
			sourceTree = "<group>";
		};
		BF135C382750932800B0BE30 /* StockDetail */ = {
			isa = PBXGroup;
			children = (
				BF135C25274B325800B0BE30 /* StockDetailViewController.swift */,
				BF135C27274B59F400B0BE30 /* StockDetail.swift */,
				BF135C29274C560500B0BE30 /* TradeViewController.swift */,
				BF2668EB27AC709500495F57 /* HistoricalPrice.swift */,
			);
			path = StockDetail;
			sourceTree = "<group>";
		};
		BF135C48275328B500B0BE30 /* CoreData */ = {
			isa = PBXGroup;
			children = (
				BF2668F727B4BF6400495F57 /* StockRecords+CoreDataClass.swift */,
				BF2668F827B4BF6400495F57 /* StockRecords+CoreDataProperties.swift */,
				BF2668E5279E689800495F57 /* DailyBalance+CoreDataClass.swift */,
				BF2668E6279E689800495F57 /* DailyBalance+CoreDataProperties.swift */,
				BF53C3552748983D003E4C02 /* PaperTrader2_0.xcdatamodeld */,
				BF135C392750985500B0BE30 /* Balance+CoreDataClass.swift */,
				BF135C3A2750985500B0BE30 /* Balance+CoreDataProperties.swift */,
			);
			path = CoreData;
			sourceTree = "<group>";
		};
		BF135C49275328D300B0BE30 /* Portfolio */ = {
			isa = PBXGroup;
			children = (
				BF135C3D2751DE1300B0BE30 /* StockPortfolioViewController.swift */,
				BF135C452752E79600B0BE30 /* PortfolioCell.swift */,
				BF135C54275ECCCD00B0BE30 /* StockPortfolio.swift */,
			);
			path = Portfolio;
			sourceTree = "<group>";
		};
		BF53C3402748983D003E4C02 = {
			isa = PBXGroup;
			children = (
				BF53C34B2748983D003E4C02 /* PaperTrader2.0 */,
				BF53C34A2748983D003E4C02 /* Products */,
				3FA7920FDC0068D4C73F0BC2 /* Pods */,
				6CF28A2A69841D03F2AB1408 /* Frameworks */,
			);
			sourceTree = "<group>";
		};
		BF53C34A2748983D003E4C02 /* Products */ = {
			isa = PBXGroup;
			children = (
				BF53C3492748983D003E4C02 /* PaperTrader2.0.app */,
			);
			name = Products;
			sourceTree = "<group>";
		};
		BF53C34B2748983D003E4C02 /* PaperTrader2.0 */ = {
			isa = PBXGroup;
			children = (
				BFC811722764285E0028A499 /* Settings */,
				BF135C49275328D300B0BE30 /* Portfolio */,
				BF135C48275328B500B0BE30 /* CoreData */,
				BF135C382750932800B0BE30 /* StockDetail */,
				BF135C37275092FA00B0BE30 /* SearchStock */,
				BF135C352750924900B0BE30 /* News */,
				BF135C23274A392F00B0BE30 /* LoadingCell.xib */,
				BF53C3692748CD43003E4C02 /* NothingFoundCell.xib */,
				BF53C34C2748983D003E4C02 /* AppDelegate.swift */,
				BF53C34E2748983D003E4C02 /* SceneDelegate.swift */,
				BF53C3522748983D003E4C02 /* Main.storyboard */,
				BF53C35827489840003E4C02 /* Assets.xcassets */,
				BF53C35A27489840003E4C02 /* LaunchScreen.storyboard */,
				BF53C35D27489840003E4C02 /* Info.plist */,
				BF135C502753512C00B0BE30 /* FirstTimeViewController.swift */,
				BF135C5227535C0A00B0BE30 /* userDefaults.swift */,
			);
			path = PaperTrader2.0;
			sourceTree = "<group>";
		};
		BFC811722764285E0028A499 /* Settings */ = {
			isa = PBXGroup;
			children = (
				BFC811702761EED40028A499 /* ChangeBalanceViewController.swift */,
				BFC81173276428990028A499 /* SettingsViewController.swift */,
				BFC81179279E2D410028A499 /* DailyBalanceViewController.swift */,
				BFC8117B279E2F9A0028A499 /* DailyBalanceCell.swift */,
				BF2668ED27AE494700495F57 /* SummaryViewController.swift */,
				BFC6695927B711930059AC07 /* StockRecordsCell.swift */,
			);
			path = Settings;
			sourceTree = "<group>";
		};
/* End PBXGroup section */

/* Begin PBXNativeTarget section */
		BF53C3482748983D003E4C02 /* PaperTrader2.0 */ = {
			isa = PBXNativeTarget;
			buildConfigurationList = BF53C36027489840003E4C02 /* Build configuration list for PBXNativeTarget "PaperTrader2.0" */;
			buildPhases = (
				8521E6C8BABDE68644D1306C /* [CP] Check Pods Manifest.lock */,
				BF53C3452748983D003E4C02 /* Sources */,
				BF53C3462748983D003E4C02 /* Frameworks */,
				BF53C3472748983D003E4C02 /* Resources */,
				25138505453966008A152F4F /* [CP] Embed Pods Frameworks */,
			);
			buildRules = (
			);
			dependencies = (
			);
			name = PaperTrader2.0;
			productName = PaperTrader2.0;
			productReference = BF53C3492748983D003E4C02 /* PaperTrader2.0.app */;
			productType = "com.apple.product-type.application";
		};
/* End PBXNativeTarget section */

/* Begin PBXProject section */
		BF53C3412748983D003E4C02 /* Project object */ = {
			isa = PBXProject;
			attributes = {
				LastSwiftUpdateCheck = 1250;
				LastUpgradeCheck = 1250;
				TargetAttributes = {
					BF53C3482748983D003E4C02 = {
						CreatedOnToolsVersion = 12.5.1;
					};
				};
			};
			buildConfigurationList = BF53C3442748983D003E4C02 /* Build configuration list for PBXProject "PaperTrader2.0" */;
			compatibilityVersion = "Xcode 9.3";
			developmentRegion = en;
			hasScannedForEncodings = 0;
			knownRegions = (
				en,
				Base,
			);
			mainGroup = BF53C3402748983D003E4C02;
			productRefGroup = BF53C34A2748983D003E4C02 /* Products */;
			projectDirPath = "";
			projectRoot = "";
			targets = (
				BF53C3482748983D003E4C02 /* PaperTrader2.0 */,
			);
		};
/* End PBXProject section */

/* Begin PBXResourcesBuildPhase section */
		BF53C3472748983D003E4C02 /* Resources */ = {
			isa = PBXResourcesBuildPhase;
			buildActionMask = 2147483647;
			files = (
				BF53C35C27489840003E4C02 /* LaunchScreen.storyboard in Resources */,
				BF53C36E2748D174003E4C02 /* SearchResultCell.xib in Resources */,
				BF135C24274A392F00B0BE30 /* LoadingCell.xib in Resources */,
				BF53C35927489840003E4C02 /* Assets.xcassets in Resources */,
				BF135C30274F620100B0BE30 /* SearchNewsResultCell.xib in Resources */,
				BF53C36A2748CD43003E4C02 /* NothingFoundCell.xib in Resources */,
				BF53C3542748983D003E4C02 /* Main.storyboard in Resources */,
			);
			runOnlyForDeploymentPostprocessing = 0;
		};
/* End PBXResourcesBuildPhase section */

/* Begin PBXShellScriptBuildPhase section */
		25138505453966008A152F4F /* [CP] Embed Pods Frameworks */ = {
			isa = PBXShellScriptBuildPhase;
			buildActionMask = 2147483647;
			files = (
			);
			inputFileListPaths = (
				"${PODS_ROOT}/Target Support Files/Pods-PaperTrader2.0/Pods-PaperTrader2.0-frameworks-${CONFIGURATION}-input-files.xcfilelist",
			);
			name = "[CP] Embed Pods Frameworks";
			outputFileListPaths = (
				"${PODS_ROOT}/Target Support Files/Pods-PaperTrader2.0/Pods-PaperTrader2.0-frameworks-${CONFIGURATION}-output-files.xcfilelist",
			);
			runOnlyForDeploymentPostprocessing = 0;
			shellPath = /bin/sh;
			shellScript = "\"${PODS_ROOT}/Target Support Files/Pods-PaperTrader2.0/Pods-PaperTrader2.0-frameworks.sh\"\n";
			showEnvVarsInLog = 0;
		};
		8521E6C8BABDE68644D1306C /* [CP] Check Pods Manifest.lock */ = {
			isa = PBXShellScriptBuildPhase;
			buildActionMask = 2147483647;
			files = (
			);
			inputFileListPaths = (
			);
			inputPaths = (
				"${PODS_PODFILE_DIR_PATH}/Podfile.lock",
				"${PODS_ROOT}/Manifest.lock",
			);
			name = "[CP] Check Pods Manifest.lock";
			outputFileListPaths = (
			);
			outputPaths = (
				"$(DERIVED_FILE_DIR)/Pods-PaperTrader2.0-checkManifestLockResult.txt",
			);
			runOnlyForDeploymentPostprocessing = 0;
			shellPath = /bin/sh;
			shellScript = "diff \"${PODS_PODFILE_DIR_PATH}/Podfile.lock\" \"${PODS_ROOT}/Manifest.lock\" > /dev/null\nif [ $? != 0 ] ; then\n    # print error to STDERR\n    echo \"error: The sandbox is not in sync with the Podfile.lock. Run 'pod install' or update your CocoaPods installation.\" >&2\n    exit 1\nfi\n# This output is used by Xcode 'outputs' to avoid re-running this script phase.\necho \"SUCCESS\" > \"${SCRIPT_OUTPUT_FILE_0}\"\n";
			showEnvVarsInLog = 0;
		};
/* End PBXShellScriptBuildPhase section */

/* Begin PBXSourcesBuildPhase section */
		BF53C3452748983D003E4C02 /* Sources */ = {
			isa = PBXSourcesBuildPhase;
			buildActionMask = 2147483647;
			files = (
				BF2668FA27B4BF6400495F57 /* StockRecords+CoreDataClass.swift in Sources */,
				BFC6695A27B711930059AC07 /* StockRecordsCell.swift in Sources */,
				BF135C2A274C560500B0BE30 /* TradeViewController.swift in Sources */,
				BFC8117A279E2D410028A499 /* DailyBalanceViewController.swift in Sources */,
				BF53C3512748983D003E4C02 /* SearchStockViewController.swift in Sources */,
				BFC8117C279E2F9A0028A499 /* DailyBalanceCell.swift in Sources */,
				BF2668E7279E689800495F57 /* DailyBalance+CoreDataClass.swift in Sources */,
				BFC811712761EED50028A499 /* ChangeBalanceViewController.swift in Sources */,
				BF53C34D2748983D003E4C02 /* AppDelegate.swift in Sources */,
				BF135C32274F657F00B0BE30 /* SearchNewsResultCell.swift in Sources */,
				BF135C34274F6E7400B0BE30 /* UIImageView+DownloadImage.swift in Sources */,
				BF2668EC27AC709500495F57 /* HistoricalPrice.swift in Sources */,
				BF135C2C274C66E200B0BE30 /* SearchNewsViewController.swift in Sources */,
				BF135C512753512C00B0BE30 /* FirstTimeViewController.swift in Sources */,
				BF135C26274B325800B0BE30 /* StockDetailViewController.swift in Sources */,
				BF2668E8279E689800495F57 /* DailyBalance+CoreDataProperties.swift in Sources */,
				BF135C28274B59F400B0BE30 /* StockDetail.swift in Sources */,
				BF135C3E2751DE1300B0BE30 /* StockPortfolioViewController.swift in Sources */,
				BF53C3642748BCCE003E4C02 /* SearchResult.swift in Sources */,
				BF53C3572748983D003E4C02 /* PaperTrader2_0.xcdatamodeld in Sources */,
				BFC81174276428990028A499 /* SettingsViewController.swift in Sources */,
				BF135C5327535C0A00B0BE30 /* userDefaults.swift in Sources */,
				BF2668EE27AE494700495F57 /* SummaryViewController.swift in Sources */,
				BF135C55275ECCCE00B0BE30 /* StockPortfolio.swift in Sources */,
				BF135C462752E79600B0BE30 /* PortfolioCell.swift in Sources */,
				BF2668F927B4BF6400495F57 /* StockRecords+CoreDataProperties.swift in Sources */,
				BF53C36D2748D174003E4C02 /* SearchResultCell.swift in Sources */,
				BF135C3C2750985500B0BE30 /* Balance+CoreDataProperties.swift in Sources */,
				BF135C2E274F5FB200B0BE30 /* SearchNewsResult.swift in Sources */,
				BF135C3B2750985500B0BE30 /* Balance+CoreDataClass.swift in Sources */,
				BF53C34F2748983D003E4C02 /* SceneDelegate.swift in Sources */,
			);
			runOnlyForDeploymentPostprocessing = 0;
		};
/* End PBXSourcesBuildPhase section */

/* Begin PBXVariantGroup section */
		BF53C3522748983D003E4C02 /* Main.storyboard */ = {
			isa = PBXVariantGroup;
			children = (
				BF53C3532748983D003E4C02 /* Base */,
			);
			name = Main.storyboard;
			sourceTree = "<group>";
		};
		BF53C35A27489840003E4C02 /* LaunchScreen.storyboard */ = {
			isa = PBXVariantGroup;
			children = (
				BF53C35B27489840003E4C02 /* Base */,
			);
			name = LaunchScreen.storyboard;
			sourceTree = "<group>";
		};
/* End PBXVariantGroup section */

/* Begin XCBuildConfiguration section */
		BF53C35E27489840003E4C02 /* Debug */ = {
			isa = XCBuildConfiguration;
			buildSettings = {
				ALWAYS_SEARCH_USER_PATHS = NO;
				CLANG_ANALYZER_NONNULL = YES;
				CLANG_ANALYZER_NUMBER_OBJECT_CONVERSION = YES_AGGRESSIVE;
				CLANG_CXX_LANGUAGE_STANDARD = "gnu++14";
				CLANG_CXX_LIBRARY = "libc++";
				CLANG_ENABLE_MODULES = YES;
				CLANG_ENABLE_OBJC_ARC = YES;
				CLANG_ENABLE_OBJC_WEAK = YES;
				CLANG_WARN_BLOCK_CAPTURE_AUTORELEASING = YES;
				CLANG_WARN_BOOL_CONVERSION = YES;
				CLANG_WARN_COMMA = YES;
				CLANG_WARN_CONSTANT_CONVERSION = YES;
				CLANG_WARN_DEPRECATED_OBJC_IMPLEMENTATIONS = YES;
				CLANG_WARN_DIRECT_OBJC_ISA_USAGE = YES_ERROR;
				CLANG_WARN_DOCUMENTATION_COMMENTS = YES;
				CLANG_WARN_EMPTY_BODY = YES;
				CLANG_WARN_ENUM_CONVERSION = YES;
				CLANG_WARN_INFINITE_RECURSION = YES;
				CLANG_WARN_INT_CONVERSION = YES;
				CLANG_WARN_NON_LITERAL_NULL_CONVERSION = YES;
				CLANG_WARN_OBJC_IMPLICIT_RETAIN_SELF = YES;
				CLANG_WARN_OBJC_LITERAL_CONVERSION = YES;
				CLANG_WARN_OBJC_ROOT_CLASS = YES_ERROR;
				CLANG_WARN_QUOTED_INCLUDE_IN_FRAMEWORK_HEADER = YES;
				CLANG_WARN_RANGE_LOOP_ANALYSIS = YES;
				CLANG_WARN_STRICT_PROTOTYPES = YES;
				CLANG_WARN_SUSPICIOUS_MOVE = YES;
				CLANG_WARN_UNGUARDED_AVAILABILITY = YES_AGGRESSIVE;
				CLANG_WARN_UNREACHABLE_CODE = YES;
				CLANG_WARN__DUPLICATE_METHOD_MATCH = YES;
				COPY_PHASE_STRIP = NO;
				DEBUG_INFORMATION_FORMAT = dwarf;
				ENABLE_STRICT_OBJC_MSGSEND = YES;
				ENABLE_TESTABILITY = YES;
				GCC_C_LANGUAGE_STANDARD = gnu11;
				GCC_DYNAMIC_NO_PIC = NO;
				GCC_NO_COMMON_BLOCKS = YES;
				GCC_OPTIMIZATION_LEVEL = 0;
				GCC_PREPROCESSOR_DEFINITIONS = (
					"DEBUG=1",
					"$(inherited)",
				);
				GCC_WARN_64_TO_32_BIT_CONVERSION = YES;
				GCC_WARN_ABOUT_RETURN_TYPE = YES_ERROR;
				GCC_WARN_UNDECLARED_SELECTOR = YES;
				GCC_WARN_UNINITIALIZED_AUTOS = YES_AGGRESSIVE;
				GCC_WARN_UNUSED_FUNCTION = YES;
				GCC_WARN_UNUSED_VARIABLE = YES;
				IPHONEOS_DEPLOYMENT_TARGET = 14.5;
				MTL_ENABLE_DEBUG_INFO = INCLUDE_SOURCE;
				MTL_FAST_MATH = YES;
				ONLY_ACTIVE_ARCH = YES;
				SDKROOT = iphoneos;
				SWIFT_ACTIVE_COMPILATION_CONDITIONS = DEBUG;
				SWIFT_OPTIMIZATION_LEVEL = "-Onone";
			};
			name = Debug;
		};
		BF53C35F27489840003E4C02 /* Release */ = {
			isa = XCBuildConfiguration;
			buildSettings = {
				ALWAYS_SEARCH_USER_PATHS = NO;
				CLANG_ANALYZER_NONNULL = YES;
				CLANG_ANALYZER_NUMBER_OBJECT_CONVERSION = YES_AGGRESSIVE;
				CLANG_CXX_LANGUAGE_STANDARD = "gnu++14";
				CLANG_CXX_LIBRARY = "libc++";
				CLANG_ENABLE_MODULES = YES;
				CLANG_ENABLE_OBJC_ARC = YES;
				CLANG_ENABLE_OBJC_WEAK = YES;
				CLANG_WARN_BLOCK_CAPTURE_AUTORELEASING = YES;
				CLANG_WARN_BOOL_CONVERSION = YES;
				CLANG_WARN_COMMA = YES;
				CLANG_WARN_CONSTANT_CONVERSION = YES;
				CLANG_WARN_DEPRECATED_OBJC_IMPLEMENTATIONS = YES;
				CLANG_WARN_DIRECT_OBJC_ISA_USAGE = YES_ERROR;
				CLANG_WARN_DOCUMENTATION_COMMENTS = YES;
				CLANG_WARN_EMPTY_BODY = YES;
				CLANG_WARN_ENUM_CONVERSION = YES;
				CLANG_WARN_INFINITE_RECURSION = YES;
				CLANG_WARN_INT_CONVERSION = YES;
				CLANG_WARN_NON_LITERAL_NULL_CONVERSION = YES;
				CLANG_WARN_OBJC_IMPLICIT_RETAIN_SELF = YES;
				CLANG_WARN_OBJC_LITERAL_CONVERSION = YES;
				CLANG_WARN_OBJC_ROOT_CLASS = YES_ERROR;
				CLANG_WARN_QUOTED_INCLUDE_IN_FRAMEWORK_HEADER = YES;
				CLANG_WARN_RANGE_LOOP_ANALYSIS = YES;
				CLANG_WARN_STRICT_PROTOTYPES = YES;
				CLANG_WARN_SUSPICIOUS_MOVE = YES;
				CLANG_WARN_UNGUARDED_AVAILABILITY = YES_AGGRESSIVE;
				CLANG_WARN_UNREACHABLE_CODE = YES;
				CLANG_WARN__DUPLICATE_METHOD_MATCH = YES;
				COPY_PHASE_STRIP = NO;
				DEBUG_INFORMATION_FORMAT = "dwarf-with-dsym";
				ENABLE_NS_ASSERTIONS = NO;
				ENABLE_STRICT_OBJC_MSGSEND = YES;
				GCC_C_LANGUAGE_STANDARD = gnu11;
				GCC_NO_COMMON_BLOCKS = YES;
				GCC_WARN_64_TO_32_BIT_CONVERSION = YES;
				GCC_WARN_ABOUT_RETURN_TYPE = YES_ERROR;
				GCC_WARN_UNDECLARED_SELECTOR = YES;
				GCC_WARN_UNINITIALIZED_AUTOS = YES_AGGRESSIVE;
				GCC_WARN_UNUSED_FUNCTION = YES;
				GCC_WARN_UNUSED_VARIABLE = YES;
				IPHONEOS_DEPLOYMENT_TARGET = 14.5;
				MTL_ENABLE_DEBUG_INFO = NO;
				MTL_FAST_MATH = YES;
				SDKROOT = iphoneos;
				SWIFT_COMPILATION_MODE = wholemodule;
				SWIFT_OPTIMIZATION_LEVEL = "-O";
				VALIDATE_PRODUCT = YES;
			};
			name = Release;
		};
		BF53C36127489840003E4C02 /* Debug */ = {
			isa = XCBuildConfiguration;
			baseConfigurationReference = 8DAFB4912D3AFAF55364618B /* Pods-PaperTrader2.0.debug.xcconfig */;
			buildSettings = {
				ASSETCATALOG_COMPILER_APPICON_NAME = AppIcon;
				ASSETCATALOG_COMPILER_GLOBAL_ACCENT_COLOR_NAME = AccentColor;
				CODE_SIGN_STYLE = Automatic;
				DEVELOPMENT_TEAM = PVZU767YL4;
				INFOPLIST_FILE = PaperTrader2.0/Info.plist;
				LD_RUNPATH_SEARCH_PATHS = (
					"$(inherited)",
					"@executable_path/Frameworks",
				);
				PRODUCT_BUNDLE_IDENTIFIER = "Jimmy.PaperTrader2-0";
				PRODUCT_NAME = "$(TARGET_NAME)";
				SWIFT_VERSION = 5.0;
				TARGETED_DEVICE_FAMILY = "1,2";
			};
			name = Debug;
		};
		BF53C36227489840003E4C02 /* Release */ = {
			isa = XCBuildConfiguration;
			baseConfigurationReference = 99B48BEC3BCF9769C0E26C05 /* Pods-PaperTrader2.0.release.xcconfig */;
			buildSettings = {
				ASSETCATALOG_COMPILER_APPICON_NAME = AppIcon;
				ASSETCATALOG_COMPILER_GLOBAL_ACCENT_COLOR_NAME = AccentColor;
				CODE_SIGN_STYLE = Automatic;
				DEVELOPMENT_TEAM = PVZU767YL4;
				INFOPLIST_FILE = PaperTrader2.0/Info.plist;
				LD_RUNPATH_SEARCH_PATHS = (
					"$(inherited)",
					"@executable_path/Frameworks",
				);
				PRODUCT_BUNDLE_IDENTIFIER = "Jimmy.PaperTrader2-0";
				PRODUCT_NAME = "$(TARGET_NAME)";
				SWIFT_VERSION = 5.0;
				TARGETED_DEVICE_FAMILY = "1,2";
			};
			name = Release;
		};
/* End XCBuildConfiguration section */

/* Begin XCConfigurationList section */
		BF53C3442748983D003E4C02 /* Build configuration list for PBXProject "PaperTrader2.0" */ = {
			isa = XCConfigurationList;
			buildConfigurations = (
				BF53C35E27489840003E4C02 /* Debug */,
				BF53C35F27489840003E4C02 /* Release */,
			);
			defaultConfigurationIsVisible = 0;
			defaultConfigurationName = Release;
		};
		BF53C36027489840003E4C02 /* Build configuration list for PBXNativeTarget "PaperTrader2.0" */ = {
			isa = XCConfigurationList;
			buildConfigurations = (
				BF53C36127489840003E4C02 /* Debug */,
				BF53C36227489840003E4C02 /* Release */,
			);
			defaultConfigurationIsVisible = 0;
			defaultConfigurationName = Release;
		};
/* End XCConfigurationList section */

/* Begin XCVersionGroup section */
		BF53C3552748983D003E4C02 /* PaperTrader2_0.xcdatamodeld */ = {
			isa = XCVersionGroup;
			children = (
				BF53C3562748983D003E4C02 /* PaperTrader2_0.xcdatamodel */,
			);
			currentVersion = BF53C3562748983D003E4C02 /* PaperTrader2_0.xcdatamodel */;
			path = PaperTrader2_0.xcdatamodeld;
			sourceTree = "<group>";
			versionGroupType = wrapper.xcdatamodel;
		};
/* End XCVersionGroup section */
	};
	rootObject = BF53C3412748983D003E4C02 /* Project object */;
}
